# This file is automatically @generated by Cargo.
# It is not intended for manual editing.
version = 4

[[package]]
name = "bitflags"
version = "2.11.1"
source = "registry+https://github.com/rust-lang/crates.io-index"
checksum = "c4512299f36f043ab09a583e57bceb5a5aab7a73db1805848e8fef3c9e8c78b3"

[[package]]
name = "libc"
version = "0.2.186"
source = "registry+https://github.com/rust-lang/crates.io-index"
checksum = "68ab91017fe16c622486840e4c83c9a37afeff978bd239b5293d61ece587de66"

[[package]]
name = "sdl3"
version = "0.18.3"
source = "registry+https://github.com/rust-lang/crates.io-index"
checksum = "c3febf4ebcd9e34b25b182ea6812d26f7d575d47134cc508aa1beb89f63e2ae6"
dependencies = [
 "bitflags",
 "libc",
 "sdl3-sys",
]

[[package]]
name = "sdl3-sys"
version = "0.6.5+SDL-3.4.8"
source = "registry+https://github.com/rust-lang/crates.io-index"
checksum = "51ca7a36c908d1d2b6c259d426a5000fbb70e764dcc430f6a373cc151f614f68"

[[package]]
name = "term"
version = "0.1.0"
dependencies = [
 "sdl3",
]
